---
lockfileVersion: 1
lockfileVendor: redhat
arches:
- arch: x86_64
  packages:
  - url: https://cdn-ubi.redhat.com/content/public/ubi/dist/ubi8/8/x86_64/appstream/os/Packages/l/libxkbcommon-0.9.1-1.el8.x86_64.rpm
    repoid: ubi-8-appstream-rpms
    size: 118548
    checksum: sha256:25b13ea50e21233dc5fccf42da344fbf24605dde38db9b94e49739ae39faa072
    name: libxkbcommon
    evr: 0.9.1-1.el8
    sourcerpm: libxkbcommon-0.9.1-1.el8.src.rpm
  - url: https://cdn-ubi.redhat.com/content/public/ubi/dist/ubi8/8/x86_64/appstream/os/Packages/x/xkeyboard-config-2.28-1.el8.noarch.rpm
    repoid: ubi-8-appstream-rpms
    size: 801000
    checksum: sha256:340b3c65becfca3d39f2afeed9659505a33ee870270c4d115d9fefe8929ff806
    name: xkeyboard-config
    evr: 2.28-1.el8
    sourcerpm: xkeyboard-config-2.28-1.el8.src.rpm
  - url: https://cdn-ubi.redhat.com/content/public/ubi/dist/ubi8/8/x86_64/baseos/os/Packages/a/acl-2.2.53-3.el8.x86_64.rpm
    repoid: ubi-8-baseos-rpms
    size: 83124
    checksum: sha256:a22d3f42d7a49ab2e8e7d1c831a80fca159a649a8969ab0617ab93b24df5fa20
    name: acl
    evr: 2.2.53-3.el8
    sourcerpm: acl-2.2.53-3.el8.src.rpm
  - url: https://cdn-ubi.redhat.com/content/public/ubi/dist/ubi8/8/x86_64/baseos/os/Packages/c/cracklib-2.9.6-15.el8.x86_64.rpm
    repoid: ubi-8-baseos-rpms
    size: 95532
    checksum: sha256:9cf2e24fdbe89f25b8283291fd3fcaf73ca60554bbf5767932c38882cdd0e3c4
    name: cracklib
    evr: 2.9.6-15.el8
    sourcerpm: cracklib-2.9.6-15.el8.src.rpm
  - url: https://cdn-ubi.redhat.com/content/public/ubi/dist/ubi8/8/x86_64/baseos/os/Packages/c/cracklib-dicts-2.9.6-15.el8.x86_64.rpm
    repoid: ubi-8-baseos-rpms
    size: 4144880
    checksum: sha256:3423075b5f924b1512e91fb5c8532ef2768cd2b1b9591e4a2ac3b76d99aa380d
    name: cracklib-dicts
    evr: 2.9.6-15.el8
    sourcerpm: cracklib-2.9.6-15.el8.src.rpm
  - url: https://cdn-ubi.redhat.com/content/public/ubi/dist/ubi8/8/x86_64/baseos/os/Packages/c/cryptsetup-libs-2.3.7-7.el8.x86_64.rpm
    repoid: ubi-8-baseos-rpms
    size: 500812
    checksum: sha256:acb20a87af67ceb58dfa295e50c06674511c62d2499d3076a44390d7e3ce0f85
    name: cryptsetup-libs
    evr: 2.3.7-7.el8
    sourcerpm: cryptsetup-2.3.7-7.el8.src.rpm
  - url: https://cdn-ubi.redhat.com/content/public/ubi/dist/ubi8/8/x86_64/baseos/os/Packages/d/dbus-1.12.8-26.el8.x86_64.rpm
    repoid: ubi-8-baseos-rpms
    size: 43292
    checksum: sha256:5426567ee5fe19e84dbe8c06c73602d588b193e6bb77b2becc31c773fafeb469
    name: dbus
    evr: 1:1.12.8-26.el8
    sourcerpm: dbus-1.12.8-26.el8.src.rpm
  - url: https://cdn-ubi.redhat.com/content/public/ubi/dist/ubi8/8/x86_64/baseos/os/Packages/d/dbus-common-1.12.8-26.el8.noarch.rpm
    repoid: ubi-8-baseos-rpms
    size: 48092
    checksum: sha256:3093c5c1356bc92805a6821f9242a7fc947bbaa1ff427d310dc397f4ea38ef3e
    name: dbus-common
    evr: 1:1.12.8-26.el8
    sourcerpm: dbus-1.12.8-26.el8.src.rpm
  - url: https://cdn-ubi.redhat.com/content/public/ubi/dist/ubi8/8/x86_64/baseos/os/Packages/d/dbus-daemon-1.12.8-26.el8.x86_64.rpm
    repoid: ubi-8-baseos-rpms
    size: 247064
    checksum: sha256:e2f321553b0a92fee5637e5837a35dbe7baf2b4b4f7fe9b2f1a9b66c8a6cdb85
    name: dbus-daemon
    evr: 1:1.12.8-26.el8
    sourcerpm: dbus-1.12.8-26.el8.src.rpm
  - url: https://cdn-ubi.redhat.com/content/public/ubi/dist/ubi8/8/x86_64/baseos/os/Packages/d/dbus-libs-1.12.8-26.el8.x86_64.rpm
    repoid: ubi-8-baseos-rpms
    size: 189528
    checksum: sha256:57a38545641fdd14a7887d187fe147d2ca0a22e5a292b9ac5daa2018cc67ed7e
    name: dbus-libs
    evr: 1:1.12.8-26.el8
    sourcerpm: dbus-1.12.8-26.el8.src.rpm
  - url: https://cdn-ubi.redhat.com/content/public/ubi/dist/ubi8/8/x86_64/baseos/os/Packages/d/dbus-tools-1.12.8-26.el8.x86_64.rpm
    repoid: ubi-8-baseos-rpms
    size: 88560
    checksum: sha256:373d4320fbcb4e823fdf5ad07dbb39805a71a249429e1eff0575bc336ae5634e
    name: dbus-tools
    evr: 1:1.12.8-26.el8
    sourcerpm: dbus-1.12.8-26.el8.src.rpm
  - url: https://cdn-ubi.redhat.com/content/public/ubi/dist/ubi8/8/x86_64/baseos/os/Packages/d/device-mapper-1.02.181-14.el8.x86_64.rpm
    repoid: ubi-8-baseos-rpms
    size: 387904
    checksum: sha256:419e668ce73f09feabd5d542b76502c98c44c7267c66af876c6fea2e2e3d0f5f
    name: device-mapper
    evr: 8:1.02.181-14.el8
    sourcerpm: lvm2-2.03.14-14.el8.src.rpm
  - url: https://cdn-ubi.redhat.com/content/public/ubi/dist/ubi8/8/x86_64/baseos/os/Packages/d/device-mapper-libs-1.02.181-14.el8.x86_64.rpm
    repoid: ubi-8-baseos-rpms
    size: 420940
    checksum: sha256:1650f9839c259b6d066bedbb7df27a63e6b95597bcb86892632611677bc8e509
    name: device-mapper-libs
    evr: 8:1.02.181-14.el8
    sourcerpm: lvm2-2.03.14-14.el8.src.rpm
  - url: https://cdn-ubi.redhat.com/content/public/ubi/dist/ubi8/8/x86_64/baseos/os/Packages/d/diffutils-3.6-6.el8.x86_64.rpm
    repoid: ubi-8-baseos-rpms
    size: 367420
    checksum: sha256:f7fc94ac5b5df2051aa2811c0cebecd7e04353ac871f1a792bc6c68f2c2aa6ce
    name: diffutils
    evr: 3.6-6.el8
    sourcerpm: diffutils-3.6-6.el8.src.rpm
  - url: https://cdn-ubi.redhat.com/content/public/ubi/dist/ubi8/8/x86_64/baseos/os/Packages/e/elfutils-debuginfod-client-0.190-2.el8.x86_64.rpm
    repoid: ubi-8-baseos-rpms
    size: 77672
    checksum: sha256:51719dfe1f9b9bc7570beb4e47d79dec1d5307680adb2b0debd7c266604e4e8d
    name: elfutils-debuginfod-client
    evr: 0.190-2.el8
    sourcerpm: elfutils-0.190-2.el8.src.rpm
  - url: https://cdn-ubi.redhat.com/content/public/ubi/dist/ubi8/8/x86_64/baseos/os/Packages/e/elfutils-default-yama-scope-0.190-2.el8.noarch.rpm
    repoid: ubi-8-baseos-rpms
    size: 53904
    checksum: sha256:345728ee47941f7589211afbc839edb2101a4f2a584afd371c8dfb60c54aeeb3
    name: elfutils-default-yama-scope
    evr: 0.190-2.el8
    sourcerpm: elfutils-0.190-2.el8.src.rpm
  - url: https://cdn-ubi.redhat.com/content/public/ubi/dist/ubi8/8/x86_64/baseos/os/Packages/e/elfutils-libs-0.190-2.el8.x86_64.rpm
    repoid: ubi-8-baseos-rpms
    size: 312392
    checksum: sha256:d04814c95b050f76d7f05bc2606b08f643c3b857637f5275ccfff445df505b7e
    name: elfutils-libs
    evr: 0.190-2.el8
    sourcerpm: elfutils-0.190-2.el8.src.rpm
  - url: https://cdn-ubi.redhat.com/content/public/ubi/dist/ubi8/8/x86_64/baseos/os/Packages/e/expat-2.2.5-13.el8_10.x86_64.rpm
    repoid: ubi-8-baseos-rpms
    size: 116720
    checksum: sha256:2dff8525cdf36fd352bae267c7bed6fdffebc79a75fa39d3d12c7151be7418fa
    name: expat
    evr: 2.2.5-13.el8_10
    sourcerpm: expat-2.2.5-13.el8_10.src.rpm
  - url: https://cdn-ubi.redhat.com/content/public/ubi/dist/ubi8/8/x86_64/baseos/os/Packages/g/gzip-1.9-13.el8_5.x86_64.rpm
    repoid: ubi-8-baseos-rpms
    size: 170828
    checksum: sha256:7f80be301cda8a6af027f15898058b1f62a0069f347a84aecb2a9c7b4c6d1ef7
    name: gzip
    evr: 1.9-13.el8_5
    sourcerpm: gzip-1.9-13.el8_5.src.rpm
  - url: https://cdn-ubi.redhat.com/content/public/ubi/dist/ubi8/8/x86_64/baseos/os/Packages/k/kmod-libs-25-20.el8.x86_64.rpm
    repoid: ubi-8-baseos-rpms
    size: 70224
    checksum: sha256:4c586c86bdf99b69ce1c250069f53fceef5b5536b8c9e10018ac25e7e7758126
    name: kmod-libs
    evr: 25-20.el8
    sourcerpm: kmod-25-20.el8.src.rpm
  - url: https://cdn-ubi.redhat.com/content/public/ubi/dist/ubi8/8/x86_64/baseos/os/Packages/l/libfdisk-2.32.1-46.el8.x86_64.rpm
    repoid: ubi-8-baseos-rpms
    size: 260128
    checksum: sha256:e7793c66af8f2cdd7893527bc81971e50f985f27c67dc22bbf118e3e0468f1a9
    name: libfdisk
    evr: 2.32.1-46.el8
    sourcerpm: util-linux-2.32.1-46.el8.src.rpm
  - url: https://cdn-ubi.redhat.com/content/public/ubi/dist/ubi8/8/x86_64/baseos/os/Packages/l/libnsl2-1.2.0-2.20180605git4a062cf.el8.x86_64.rpm
    repoid: ubi-8-baseos-rpms
    size: 59120
    checksum: sha256:f7e60c8a5eaf056a9c67834671561196b961fba7bc763568f1c01c3ab998bb46
    name: libnsl2
    evr: 1.2.0-2.20180605git4a062cf.el8
    sourcerpm: libnsl2-1.2.0-2.20180605git4a062cf.el8.src.rpm
  - url: https://cdn-ubi.redhat.com/content/public/ubi/dist/ubi8/8/x86_64/baseos/os/Packages/l/libpwquality-1.4.4-6.el8.x86_64.rpm
    repoid: ubi-8-baseos-rpms
    size: 109704
    checksum: sha256:ae3dfbc6ca432681b137f76bee081735d61c65db986b1238ed7837e3112d3180
    name: libpwquality
    evr: 1.4.4-6.el8
    sourcerpm: libpwquality-1.4.4-6.el8.src.rpm
  - url: https://cdn-ubi.redhat.com/content/public/ubi/dist/ubi8/8/x86_64/baseos/os/Packages/l/libseccomp-2.5.2-1.el8.x86_64.rpm
    repoid: ubi-8-baseos-rpms
    size: 72932
    checksum: sha256:cf08ceb39359d00f9da0abaf15e799725288f8cd3a54d075fb37b76967776949
    name: libseccomp
    evr: 2.5.2-1.el8
    sourcerpm: libseccomp-2.5.2-1.el8.src.rpm
  - url: https://cdn-ubi.redhat.com/content/public/ubi/dist/ubi8/8/x86_64/baseos/os/Packages/l/libsemanage-2.9-9.el8_6.x86_64.rpm
    repoid: ubi-8-baseos-rpms
    size: 172128
    checksum: sha256:1f686a73273028ca85b5a6ac858292d7b7d2fcbe379d6912ba12fc0a49ac4cce
    name: libsemanage
    evr: 2.9-9.el8_6
    sourcerpm: libsemanage-2.9-9.el8_6.src.rpm
  - url: https://cdn-ubi.redhat.com/content/public/ubi/dist/ubi8/8/x86_64/baseos/os/Packages/l/libtirpc-1.1.4-12.el8_10.x86_64.rpm
    repoid: ubi-8-baseos-rpms
    size: 116808
    checksum: sha256:d35b01a79f17bcaca9a774fa78136acadabf6f627db43b7dca43a83a63afffa4
    name: libtirpc
    evr: 1.1.4-12.el8_10
    sourcerpm: libtirpc-1.1.4-12.el8_10.src.rpm
  - url: https://cdn-ubi.redhat.com/content/public/ubi/dist/ubi8/8/x86_64/baseos/os/Packages/l/libutempter-1.1.6-14.el8.x86_64.rpm
    repoid: ubi-8-baseos-rpms
    size: 32564
    checksum: sha256:ebc4d394a251feba7e1025d7f8ba61e619c2a6fc14229482bf28096e49cef520
    name: libutempter
    evr: 1.1.6-14.el8
    sourcerpm: libutempter-1.1.6-14.el8.src.rpm
  - url: https://cdn-ubi.redhat.com/content/public/ubi/dist/ubi8/8/x86_64/baseos/os/Packages/o/openssl-1.1.1k-12.el8_9.x86_64.rpm
    repoid: ubi-8-baseos-rpms
    size: 727800
    checksum: sha256:b3ebcd7861e92e2970e59a8db2b28c92532ae8bb9d8dbf31c5f07fca18d949f1
    name: openssl
    evr: 1:1.1.1k-12.el8_9
    sourcerpm: openssl-1.1.1k-12.el8_9.src.rpm
  - url: https://cdn-ubi.redhat.com/content/public/ubi/dist/ubi8/8/x86_64/baseos/os/Packages/p/pam-1.3.1-34.el8_10.x86_64.rpm
    repoid: ubi-8-baseos-rpms
    size: 764668
    checksum: sha256:f33930343991c627aadfbabb30b3691a29fab85a3e7de2cf5cae335995eff88b
    name: pam
    evr: 1.3.1-34.el8_10
    sourcerpm: pam-1.3.1-34.el8_10.src.rpm
  - url: https://cdn-ubi.redhat.com/content/public/ubi/dist/ubi8/8/x86_64/baseos/os/Packages/s/shadow-utils-4.6-22.el8.x86_64.rpm
    repoid: ubi-8-baseos-rpms
    size: 1292332
    checksum: sha256:ea73ee201451bbca0d6d14ca434c93800f01c8fb1b9daef727a5af1a27356d07
    name: shadow-utils
    evr: 2:4.6-22.el8
    sourcerpm: shadow-utils-4.6-22.el8.src.rpm
  - url: https://cdn-ubi.redhat.com/content/public/ubi/dist/ubi8/8/x86_64/baseos/os/Packages/s/systemd-239-82.el8_10.1.x86_64.rpm
    repoid: ubi-8-baseos-rpms
    size: 3824212
    checksum: sha256:e0ba57d3bd3f0604f21586cb5ba0d705a8296e3b89816a74ebabefbfbad3f151
    name: systemd
    evr: 239-82.el8_10.1
    sourcerpm: systemd-239-82.el8_10.1.src.rpm
  - url: https://cdn-ubi.redhat.com/content/public/ubi/dist/ubi8/8/x86_64/baseos/os/Packages/s/systemd-pam-239-82.el8_10.1.x86_64.rpm
    repoid: ubi-8-baseos-rpms
    size: 525296
    checksum: sha256:47079a079efaea99eb995e5178e42c603ce6744dead9afcca496601400c89110
    name: systemd-pam
    evr: 239-82.el8_10.1
    sourcerpm: systemd-239-82.el8_10.1.src.rpm
  - url: https://cdn-ubi.redhat.com/content/public/ubi/dist/ubi8/8/x86_64/baseos/os/Packages/u/util-linux-2.32.1-46.el8.x86_64.rpm
    repoid: ubi-8-baseos-rpms
    size: 2597616
    checksum: sha256:1accef88d06655139903a7b4aa6a01cab62b3c899a93d297cb7ac92a476abed6
    name: util-linux
    evr: 2.32.1-46.el8
    sourcerpm: util-linux-2.32.1-46.el8.src.rpm
  source:
  - url: https://cdn-ubi.redhat.com/content/public/ubi/dist/ubi8/8/x86_64/appstream/source/SRPMS/Packages/l/libxkbcommon-0.9.1-1.el8.src.rpm
    repoid: ubi-8-appstream-source
    size: 390739
    checksum: sha256:ca72f33bbbdd245bf1d2385e5f934d36b0ebdc9854b242fce7be0bb56bfa8255
    name: libxkbcommon
    evr: 0.9.1-1.el8
  - url: https://cdn-ubi.redhat.com/content/public/ubi/dist/ubi8/8/x86_64/appstream/source/SRPMS/Packages/x/xkeyboard-config-2.28-1.el8.src.rpm
    repoid: ubi-8-appstream-source
    size: 1699339
    checksum: sha256:e17ddb6b3789908ccb750893fda134141e08ae0fd0618cc6b059d46257ba200f
    name: xkeyboard-config
    evr: 2.28-1.el8
  - url: https://cdn-ubi.redhat.com/content/public/ubi/dist/ubi8/8/x86_64/baseos/source/SRPMS/Packages/a/acl-2.2.53-3.el8.src.rpm
    repoid: ubi-8-baseos-source
    size: 549872
    checksum: sha256:3f8720a9425f7575d0314034538412a54e6cc482cc642bcdccb95679e362ef93
    name: acl
    evr: 2.2.53-3.el8
  - url: https://cdn-ubi.redhat.com/content/public/ubi/dist/ubi8/8/x86_64/baseos/source/SRPMS/Packages/c/cracklib-2.9.6-15.el8.src.rpm
    repoid: ubi-8-baseos-source
    size: 6423670
    checksum: sha256:835902fc3455d9e3b132ed1f8f63eefc4adf1c7d505771604ff89cb2f0116f0c
    name: cracklib
    evr: 2.9.6-15.el8
  - url: https://cdn-ubi.redhat.com/content/public/ubi/dist/ubi8/8/x86_64/baseos/source/SRPMS/Packages/c/cryptsetup-2.3.7-7.el8.src.rpm
    repoid: ubi-8-baseos-source
    size: 11381421
    checksum: sha256:21bb087ab9a3d64c89295a1bd45b5e5b6189832a972d4b3ddccb2ff5437ac2ed
    name: cryptsetup
    evr: 2.3.7-7.el8
  - url: https://cdn-ubi.redhat.com/content/public/ubi/dist/ubi8/8/x86_64/baseos/source/SRPMS/Packages/d/dbus-1.12.8-26.el8.src.rpm
    repoid: ubi-8-baseos-source
    size: 2149642
    checksum: sha256:4934fea4bcebaf82dacd6d8258b35233f25e66cfd45d68f6b6e48d2ff3632395
    name: dbus
    evr: 1:1.12.8-26.el8
  - url: https://cdn-ubi.redhat.com/content/public/ubi/dist/ubi8/8/x86_64/baseos/source/SRPMS/Packages/d/diffutils-3.6-6.el8.src.rpm
    repoid: ubi-8-baseos-source
    size: 1427759
    checksum: sha256:1308e782ad4f9b17a5cbbac9734be496948db857de7458b3388645bf1786892d
    name: diffutils
    evr: 3.6-6.el8
  - url: https://cdn-ubi.redhat.com/content/public/ubi/dist/ubi8/8/x86_64/baseos/source/SRPMS/Packages/e/elfutils-0.190-2.el8.src.rpm
    repoid: ubi-8-baseos-source
    size: 9288737
    checksum: sha256:54fe49a6fd4f87d6fd594b62c465105fc3efab05a1ffcc216f053c277ab619bf
    name: elfutils
    evr: 0.190-2.el8
  - url: https://cdn-ubi.redhat.com/content/public/ubi/dist/ubi8/8/x86_64/baseos/source/SRPMS/Packages/e/expat-2.2.5-13.el8_10.src.rpm
    repoid: ubi-8-baseos-source
    size: 8329049
    checksum: sha256:125740fdcb70ebe0c91000086191e65aded6ab5429e9fb2b35013b54520ef4c1
    name: expat
    evr: 2.2.5-13.el8_10
  - url: https://cdn-ubi.redhat.com/content/public/ubi/dist/ubi8/8/x86_64/baseos/source/SRPMS/Packages/g/gzip-1.9-13.el8_5.src.rpm
    repoid: ubi-8-baseos-source
    size: 822025
    checksum: sha256:cca21983255b0d999938c7a42a43d6402ab4bce1dbd058a16d6c4a2e6b95d763
    name: gzip
    evr: 1.9-13.el8_5
  - url: https://cdn-ubi.redhat.com/content/public/ubi/dist/ubi8/8/x86_64/baseos/source/SRPMS/Packages/k/kmod-25-20.el8.src.rpm
    repoid: ubi-8-baseos-source
    size: 584947
    checksum: sha256:3df9490dc2b5146a1e0953d254540d64b7e0c304c52ebd64baf2eeb78eae70bd
    name: kmod
    evr: 25-20.el8
  - url: https://cdn-ubi.redhat.com/content/public/ubi/dist/ubi8/8/x86_64/baseos/source/SRPMS/Packages/l/libnsl2-1.2.0-2.20180605git4a062cf.el8.src.rpm
    repoid: ubi-8-baseos-source
    size: 147827
    checksum: sha256:db3d53543d5caab48a6c0e582a8a5b4a00ae7a6b268e2b1231ce9de80f89ddd9
    name: libnsl2
    evr: 1.2.0-2.20180605git4a062cf.el8
  - url: https://cdn-ubi.redhat.com/content/public/ubi/dist/ubi8/8/x86_64/baseos/source/SRPMS/Packages/l/libpwquality-1.4.4-6.el8.src.rpm
    repoid: ubi-8-baseos-source
    size: 443269
    checksum: sha256:79048b406a5ecf7b97286cd72c5ab8f84f91174f1741db66b0e1a24a7de66113
    name: libpwquality
    evr: 1.4.4-6.el8
  - url: https://cdn-ubi.redhat.com/content/public/ubi/dist/ubi8/8/x86_64/baseos/source/SRPMS/Packages/l/libseccomp-2.5.2-1.el8.src.rpm
    repoid: ubi-8-baseos-source
    size: 654889
    checksum: sha256:322f0b9e2a909001e5e688b8ad52a5e6361ab350fa4fced3f446a6d1a3f2074a
    name: libseccomp
    evr: 2.5.2-1.el8
  - url: https://cdn-ubi.redhat.com/content/public/ubi/dist/ubi8/8/x86_64/baseos/source/SRPMS/Packages/l/libsemanage-2.9-9.el8_6.src.rpm
    repoid: ubi-8-baseos-source
    size: 261659
    checksum: sha256:40b8031dcaf9463a50ae0de04726420bcfb0f3466c91312361c744cc41d336ea
    name: libsemanage
    evr: 2.9-9.el8_6
  - url: https://cdn-ubi.redhat.com/content/public/ubi/dist/ubi8/8/x86_64/baseos/source/SRPMS/Packages/l/libtirpc-1.1.4-12.el8_10.src.rpm
    repoid: ubi-8-baseos-source
    size: 560689
    checksum: sha256:6bfcac057ab526f43b562f42b471f98c563456817bcda85cba058becccbee71b
    name: libtirpc
    evr: 1.1.4-12.el8_10
  - url: https://cdn-ubi.redhat.com/content/public/ubi/dist/ubi8/8/x86_64/baseos/source/SRPMS/Packages/l/libutempter-1.1.6-14.el8.src.rpm
    repoid: ubi-8-baseos-source
    size: 32789
    checksum: sha256:cba58a16a506c2de446105f7b2c3e765d34a02941ea46d3ff03ed20c624f861f
    name: libutempter
    evr: 1.1.6-14.el8
  - url: https://cdn-ubi.redhat.com/content/public/ubi/dist/ubi8/8/x86_64/baseos/source/SRPMS/Packages/l/lvm2-2.03.14-14.el8.src.rpm
    repoid: ubi-8-baseos-source
    size: 3171717
    checksum: sha256:e252fdfdbcb2dfcedd3aa1eb009bbfb57f7e68a7ddead1cbb79f94c5c093fbd6
    name: lvm2
    evr: 8:2.03.14-14.el8
  - url: https://cdn-ubi.redhat.com/content/public/ubi/dist/ubi8/8/x86_64/baseos/source/SRPMS/Packages/o/openssl-1.1.1k-12.el8_9.src.rpm
    repoid: ubi-8-baseos-source
    size: 7738034
    checksum: sha256:dc072a144f8e63b314f20f3ef95f9d371f51dcf31417449831adeedd48f86020
    name: openssl
    evr: 1:1.1.1k-12.el8_9
  - url: https://cdn-ubi.redhat.com/content/public/ubi/dist/ubi8/8/x86_64/baseos/source/SRPMS/Packages/p/pam-1.3.1-34.el8_10.src.rpm
    repoid: ubi-8-baseos-source
    size: 1154953
    checksum: sha256:85a47d22637bddf4884b3e64d98ed4506eb99e7d621f778e821ecb4cdd877b0f
    name: pam
    evr: 1.3.1-34.el8_10
  - url: https://cdn-ubi.redhat.com/content/public/ubi/dist/ubi8/8/x86_64/baseos/source/SRPMS/Packages/s/shadow-utils-4.6-22.el8.src.rpm
    repoid: ubi-8-baseos-source
    size: 1845120
    checksum: sha256:140a4273738ea9cfd1fc5627ebd66ad1696a5e3c959092b41bf5dc6d7657d8a6
    name: shadow-utils
    evr: 2:4.6-22.el8
  - url: https://cdn-ubi.redhat.com/content/public/ubi/dist/ubi8/8/x86_64/baseos/source/SRPMS/Packages/s/systemd-239-82.el8_10.1.src.rpm
    repoid: ubi-8-baseos-source
    size: 9152088
    checksum: sha256:26e896a7f3b2d6ccf2a7bdd50428986bcb2c4e1e027d0fbf4210c1529b7b30c0
    name: systemd
    evr: 239-82.el8_10.1
  - url: https://cdn-ubi.redhat.com/content/public/ubi/dist/ubi8/8/x86_64/baseos/source/SRPMS/Packages/u/util-linux-2.32.1-46.el8.src.rpm
    repoid: ubi-8-baseos-source
    size: 4816801
    checksum: sha256:3fb688481dd062d917d8119cd64582a9e6ffa6736a6dbbf956d038a9115c6004
    name: util-linux
    evr: 2.32.1-46.el8
  module_metadata: []
